// !$*UTF8*$!
{
	archiveVersion = 1;
	classes = {
	};
	objectVersion = 46;
	objects = {

/* Begin PBXBuildFile section */
		B101CBBC1B074B7E00549F58 /* HCmtDataModal.m in Sources */ = {isa = PBXBuildFile; fileRef = B101CBBB1B074B7E00549F58 /* HCmtDataModal.m */; };
		B10679491B0DBCC70039AC33 /* HPopOverBtn.m in Sources */ = {isa = PBXBuildFile; fileRef = B10679481B0DBCC70039AC33 /* HPopOverBtn.m */; };
		B106794B1B0DEABB0039AC33 /* suShi.jpg in Resources */ = {isa = PBXBuildFile; fileRef = B106794A1B0DEABB0039AC33 /* suShi.jpg */; };
		B11694A91B01C44800CF8381 /* commentView.m in Sources */ = {isa = PBXBuildFile; fileRef = B11694A81B01C44800CF8381 /* commentView.m */; };
		B11694AF1B01D48E00CF8381 /* newCommentView.xib in Resources */ = {isa = PBXBuildFile; fileRef = B11694AE1B01D48E00CF8381 /* newCommentView.xib */; };
		B16127951B1F032500A64001 /* DetailParseViewController.m in Sources */ = {isa = PBXBuildFile; fileRef = B16127931B1F032500A64001 /* DetailParseViewController.m */; };
		B16127961B1F032500A64001 /* DetailParseViewController.xib in Resources */ = {isa = PBXBuildFile; fileRef = B16127941B1F032500A64001 /* DetailParseViewController.xib */; };
		B16189821AFC5FB400FE6CF4 /* PostViewController.m in Sources */ = {isa = PBXBuildFile; fileRef = B16189811AFC5FB400FE6CF4 /* PostViewController.m */; };
		B16189861AFD001C00FE6CF4 /* PhotoesView.m in Sources */ = {isa = PBXBuildFile; fileRef = B16189851AFD001C00FE6CF4 /* PhotoesView.m */; };
		B162CB381B0E1E1400DB6205 /* DetailScrollView.m in Sources */ = {isa = PBXBuildFile; fileRef = B162CB371B0E1E1400DB6205 /* DetailScrollView.m */; };
		B162CB3C1B0E42F500DB6205 /* DeTailImgView.m in Sources */ = {isa = PBXBuildFile; fileRef = B162CB3B1B0E42F500DB6205 /* DeTailImgView.m */; };
		B1638D4C1B2120E5006828A7 /* cmtData.m in Sources */ = {isa = PBXBuildFile; fileRef = B1638D4B1B2120E5006828A7 /* cmtData.m */; };
		B1649BF91AF8DDA100B5EC0C /* RightMenuController.m in Sources */ = {isa = PBXBuildFile; fileRef = B1649BF71AF8DDA100B5EC0C /* RightMenuController.m */; };
		B164C9F31B08028600D9282A /* HTableViewCell.m in Sources */ = {isa = PBXBuildFile; fileRef = B164C9F21B08028600D9282A /* HTableViewCell.m */; };
		B164C9F51B0815AC00D9282A /* Images.xcassets in Resources */ = {isa = PBXBuildFile; fileRef = B164C9F41B0815AC00D9282A /* Images.xcassets */; };
		B164CA001B08666500D9282A /* DetailViewController.m in Sources */ = {isa = PBXBuildFile; fileRef = B164C9FE1B08666500D9282A /* DetailViewController.m */; };
		B164CA011B08666500D9282A /* DetailViewController.xib in Resources */ = {isa = PBXBuildFile; fileRef = B164C9FF1B08666500D9282A /* DetailViewController.xib */; };
		B164CA071B086A6B00D9282A /* cellWithPics.m in Sources */ = {isa = PBXBuildFile; fileRef = B164CA051B086A6B00D9282A /* cellWithPics.m */; };
		B164CA081B086A6B00D9282A /* cellWithPics.xib in Resources */ = {isa = PBXBuildFile; fileRef = B164CA061B086A6B00D9282A /* cellWithPics.xib */; };
		B164D1631B0076C500CF7A5E /* RightMenuController.xib in Resources */ = {isa = PBXBuildFile; fileRef = B164D1621B0076C500CF7A5E /* RightMenuController.xib */; };
		B164D1681B007DF000CF7A5E /* scrollViewInnerButton.xib in Resources */ = {isa = PBXBuildFile; fileRef = B164D1671B007DF000CF7A5E /* scrollViewInnerButton.xib */; };
		B164D16F1B007F5200CF7A5E /* ProfileController.m in Sources */ = {isa = PBXBuildFile; fileRef = B164D16E1B007F5200CF7A5E /* ProfileController.m */; };
		B164D1721B00813D00CF7A5E /* ScrollViewInnerBtn.m in Sources */ = {isa = PBXBuildFile; fileRef = B164D1711B00813D00CF7A5E /* ScrollViewInnerBtn.m */; };
		B167FF4F1B1DB28500211BF4 /* addOrDelBtn.m in Sources */ = {isa = PBXBuildFile; fileRef = B167FF4E1B1DB28500211BF4 /* addOrDelBtn.m */; };
		B16876681B1A88B5001A7413 /* Followers.m in Sources */ = {isa = PBXBuildFile; fileRef = B16876671B1A88B5001A7413 /* Followers.m */; };
		B16876851B1B117A001A7413 /* cellForPost.m in Sources */ = {isa = PBXBuildFile; fileRef = B16876831B1B117A001A7413 /* cellForPost.m */; };
		B16876861B1B117A001A7413 /* cellForPost.xib in Resources */ = {isa = PBXBuildFile; fileRef = B16876841B1B117A001A7413 /* cellForPost.xib */; };
		B168768A1B1B458C001A7413 /* postData.m in Sources */ = {isa = PBXBuildFile; fileRef = B16876891B1B458C001A7413 /* postData.m */; };
		B168FF881B0C65A800D2BC9A /* UIImage+OIInCache.m in Sources */ = {isa = PBXBuildFile; fileRef = B168FF871B0C65A800D2BC9A /* UIImage+OIInCache.m */; };
		B16963281B10A5E2008F75E2 /* UIViewController+RefreshData.m in Sources */ = {isa = PBXBuildFile; fileRef = B16963271B10A5E2008F75E2 /* UIViewController+RefreshData.m */; };
		B169632C1B10B6DF008F75E2 /* NavIntestedPeoTVC.m in Sources */ = {isa = PBXBuildFile; fileRef = B169632B1B10B6DF008F75E2 /* NavIntestedPeoTVC.m */; };
		B16963331B10B75D008F75E2 /* NavShareComTVC.m in Sources */ = {isa = PBXBuildFile; fileRef = B16963321B10B75D008F75E2 /* NavShareComTVC.m */; };
		B16B86CA1B189E4900E28C2A /* usersData.m in Sources */ = {isa = PBXBuildFile; fileRef = B16B86C91B189E4900E28C2A /* usersData.m */; };
		B16EF2701B00347400D4F05E /* pickc540c.jpg in Resources */ = {isa = PBXBuildFile; fileRef = B16EF26F1B00347400D4F05E /* pickc540c.jpg */; };
		B16EF2721B003BC200D4F05E /* afriCan-groundnut-stew.jpg in Resources */ = {isa = PBXBuildFile; fileRef = B16EF2711B003BC100D4F05E /* afriCan-groundnut-stew.jpg */; };
		B16EF2741B005EA200D4F05E /* bush-food-brown-lrg.jpg in Resources */ = {isa = PBXBuildFile; fileRef = B16EF2731B005EA200D4F05E /* bush-food-brown-lrg.jpg */; };
		B17080181B0B490700636A41 /* HScrollView.m in Sources */ = {isa = PBXBuildFile; fileRef = B17080171B0B490700636A41 /* HScrollView.m */; };
		B17481EE1B135D6300FC700F /* cellForFriends.m in Sources */ = {isa = PBXBuildFile; fileRef = B17481EC1B135D6300FC700F /* cellForFriends.m */; };
		B17481EF1B135D6300FC700F /* cellForFriends.xib in Resources */ = {isa = PBXBuildFile; fileRef = B17481ED1B135D6300FC700F /* cellForFriends.xib */; };
		B17F854B1B0EB66700211BFD /* MapViewController.m in Sources */ = {isa = PBXBuildFile; fileRef = B17F85491B0EB66700211BFD /* MapViewController.m */; };
		B17F854C1B0EB66700211BFD /* MapViewController.xib in Resources */ = {isa = PBXBuildFile; fileRef = B17F854A1B0EB66700211BFD /* MapViewController.xib */; };
		B17F854E1B0EB97200211BFD /* MapKit.framework in Frameworks */ = {isa = PBXBuildFile; fileRef = B17F854D1B0EB97200211BFD /* MapKit.framework */; };
		B17F85521B0F677700211BFD /* MyAnnotation.m in Sources */ = {isa = PBXBuildFile; fileRef = B17F85511B0F677700211BFD /* MyAnnotation.m */; };
		B18134461AFB019900635DFC /* Bolts.framework in Frameworks */ = {isa = PBXBuildFile; fileRef = B18134441AFB019900635DFC /* Bolts.framework */; };
		B18134471AFB019900635DFC /* Parse.framework in Frameworks */ = {isa = PBXBuildFile; fileRef = B18134451AFB019900635DFC /* Parse.framework */; };
		B18134491AFB024200635DFC /* AudioToolbox.framework in Frameworks */ = {isa = PBXBuildFile; fileRef = B18134481AFB024200635DFC /* AudioToolbox.framework */; };
		B181344B1AFB025300635DFC /* CFNetwork.framework in Frameworks */ = {isa = PBXBuildFile; fileRef = B181344A1AFB025300635DFC /* CFNetwork.framework */; };
		B181344D1AFB026900635DFC /* CoreGraphics.framework in Frameworks */ = {isa = PBXBuildFile; fileRef = B181344C1AFB026900635DFC /* CoreGraphics.framework */; };
		B181344F1AFB028C00635DFC /* CoreLocation.framework in Frameworks */ = {isa = PBXBuildFile; fileRef = B181344E1AFB028C00635DFC /* CoreLocation.framework */; };
		B18134511AFB02A300635DFC /* MobileCoreServices.framework in Frameworks */ = {isa = PBXBuildFile; fileRef = B18134501AFB02A300635DFC /* MobileCoreServices.framework */; };
		B18134531AFB02BE00635DFC /* QuartzCore.framework in Frameworks */ = {isa = PBXBuildFile; fileRef = B18134521AFB02BE00635DFC /* QuartzCore.framework */; };
		B18134551AFB02CA00635DFC /* Security.framework in Frameworks */ = {isa = PBXBuildFile; fileRef = B18134541AFB02CA00635DFC /* Security.framework */; };
		B18134571AFB02D500635DFC /* StoreKit.framework in Frameworks */ = {isa = PBXBuildFile; fileRef = B18134561AFB02D500635DFC /* StoreKit.framework */; };
		B18134591AFB02E500635DFC /* SystemConfiguration.framework in Frameworks */ = {isa = PBXBuildFile; fileRef = B18134581AFB02E500635DFC /* SystemConfiguration.framework */; };
		B181345B1AFB031900635DFC /* libz.dylib in Frameworks */ = {isa = PBXBuildFile; fileRef = B181345A1AFB031900635DFC /* libz.dylib */; };
		B181345D1AFB033E00635DFC /* libsqlite3.dylib in Frameworks */ = {isa = PBXBuildFile; fileRef = B181345C1AFB033E00635DFC /* libsqlite3.dylib */; };
		B18134681AFBA91200635DFC /* PostViewController.xib in Resources */ = {isa = PBXBuildFile; fileRef = B18134661AFBA91200635DFC /* PostViewController.xib */; };
		B18DF9B11AF891F900D3071F /* LeftMenu.m in Sources */ = {isa = PBXBuildFile; fileRef = B18DF9B01AF891F900D3071F /* LeftMenu.m */; };
		B19807B91B079D6400C73AC6 /* cellNormal.xib in Resources */ = {isa = PBXBuildFile; fileRef = B19807B81B079D6400C73AC6 /* cellNormal.xib */; };
		B19FB02C1AF61A97004B0E34 /* main.m in Sources */ = {isa = PBXBuildFile; fileRef = B19FB02B1AF61A97004B0E34 /* main.m */; };
		B19FB02F1AF61A97004B0E34 /* AppDelegate.m in Sources */ = {isa = PBXBuildFile; fileRef = B19FB02E1AF61A97004B0E34 /* AppDelegate.m */; };
		B19FB0321AF61A97004B0E34 /* PetDairy.xcdatamodeld in Sources */ = {isa = PBXBuildFile; fileRef = B19FB0301AF61A97004B0E34 /* PetDairy.xcdatamodeld */; };
		B19FB0381AF61A97004B0E34 /* Main.storyboard in Resources */ = {isa = PBXBuildFile; fileRef = B19FB0361AF61A97004B0E34 /* Main.storyboard */; };
		B19FB03D1AF61A97004B0E34 /* LaunchScreen.xib in Resources */ = {isa = PBXBuildFile; fileRef = B19FB03B1AF61A97004B0E34 /* LaunchScreen.xib */; };
		B19FB0491AF61A97004B0E34 /* PetDairyTests.m in Sources */ = {isa = PBXBuildFile; fileRef = B19FB0481AF61A97004B0E34 /* PetDairyTests.m */; };
		B19FB0561AF64996004B0E34 /* sidebar_bg@2x.jpg in Resources */ = {isa = PBXBuildFile; fileRef = B19FB0551AF64996004B0E34 /* sidebar_bg@2x.jpg */; };
		B19FB0591AF64B16004B0E34 /* MainController.m in Sources */ = {isa = PBXBuildFile; fileRef = B19FB0581AF64B16004B0E34 /* MainController.m */; };
		B19FB0611AF64F50004B0E34 /* HTableViewController.m in Sources */ = {isa = PBXBuildFile; fileRef = B19FB0601AF64F50004B0E34 /* HTableViewController.m */; };
		B19FB0651AF6519C004B0E34 /* TitleButton.m in Sources */ = {isa = PBXBuildFile; fileRef = B19FB0641AF6519C004B0E34 /* TitleButton.m */; };
		B19FB06E1AF653C9004B0E34 /* UIBarButtonItem+Extension.m in Sources */ = {isa = PBXBuildFile; fileRef = B19FB0691AF653C9004B0E34 /* UIBarButtonItem+Extension.m */; };
		B19FB06F1AF653C9004B0E34 /* UIImage+Extension.m in Sources */ = {isa = PBXBuildFile; fileRef = B19FB06B1AF653C9004B0E34 /* UIImage+Extension.m */; };
		B19FB0701AF653C9004B0E34 /* UIView+Extension.m in Sources */ = {isa = PBXBuildFile; fileRef = B19FB06D1AF653C9004B0E34 /* UIView+Extension.m */; };
		B1CFE1291B14B96F002DB2B0 /* RegisterVC.m in Sources */ = {isa = PBXBuildFile; fileRef = B1CFE1271B14B96F002DB2B0 /* RegisterVC.m */; };
		B1CFE12A1B14B96F002DB2B0 /* RegisterVC.xib in Resources */ = {isa = PBXBuildFile; fileRef = B1CFE1281B14B96F002DB2B0 /* RegisterVC.xib */; };
		B1D8C5C11B04546B002DF360 /* UIView+AutoLayout.m in Sources */ = {isa = PBXBuildFile; fileRef = B1D8C5C01B04546B002DF360 /* UIView+AutoLayout.m */; };
/* End PBXBuildFile section */

/* Begin PBXContainerItemProxy section */
		B19FB0431AF61A97004B0E34 /* PBXContainerItemProxy */ = {
			isa = PBXContainerItemProxy;
			containerPortal = B19FB01E1AF61A97004B0E34 /* Project object */;
			proxyType = 1;
			remoteGlobalIDString = B19FB0251AF61A97004B0E34;
			remoteInfo = PetDairy;
		};
/* End PBXContainerItemProxy section */

/* Begin PBXFileReference section */
		B101CBBA1B074B7E00549F58 /* HCmtDataModal.h */ = {isa = PBXFileReference; fileEncoding = 4; lastKnownFileType = sourcecode.c.h; path = HCmtDataModal.h; sourceTree = "<group>"; };
		B101CBBB1B074B7E00549F58 /* HCmtDataModal.m */ = {isa = PBXFileReference; fileEncoding = 4; lastKnownFileType = sourcecode.c.objc; path = HCmtDataModal.m; sourceTree = "<group>"; };
		B10679471B0DBCC70039AC33 /* HPopOverBtn.h */ = {isa = PBXFileReference; fileEncoding = 4; lastKnownFileType = sourcecode.c.h; path = HPopOverBtn.h; sourceTree = "<group>"; };
		B10679481B0DBCC70039AC33 /* HPopOverBtn.m */ = {isa = PBXFileReference; fileEncoding = 4; lastKnownFileType = sourcecode.c.objc; path = HPopOverBtn.m; sourceTree = "<group>"; };
		B106794A1B0DEABB0039AC33 /* suShi.jpg */ = {isa = PBXFileReference; lastKnownFileType = image.jpeg; path = suShi.jpg; sourceTree = "<group>"; };
		B11694A71B01C44800CF8381 /* commentView.h */ = {isa = PBXFileReference; fileEncoding = 4; lastKnownFileType = sourcecode.c.h; path = commentView.h; sourceTree = "<group>"; };
		B11694A81B01C44800CF8381 /* commentView.m */ = {isa = PBXFileReference; fileEncoding = 4; lastKnownFileType = sourcecode.c.objc; path = commentView.m; sourceTree = "<group>"; };
		B11694AE1B01D48E00CF8381 /* newCommentView.xib */ = {isa = PBXFileReference; fileEncoding = 4; lastKnownFileType = file.xib; path = newCommentView.xib; sourceTree = "<group>"; };
		B16127921B1F032500A64001 /* DetailParseViewController.h */ = {isa = PBXFileReference; fileEncoding = 4; lastKnownFileType = sourcecode.c.h; path = DetailParseViewController.h; sourceTree = "<group>"; };
		B16127931B1F032500A64001 /* DetailParseViewController.m */ = {isa = PBXFileReference; fileEncoding = 4; lastKnownFileType = sourcecode.c.objc; path = DetailParseViewController.m; sourceTree = "<group>"; };
		B16127941B1F032500A64001 /* DetailParseViewController.xib */ = {isa = PBXFileReference; fileEncoding = 4; lastKnownFileType = file.xib; path = DetailParseViewController.xib; sourceTree = "<group>"; };
		B16189801AFC5FB400FE6CF4 /* PostViewController.h */ = {isa = PBXFileReference; fileEncoding = 4; lastKnownFileType = sourcecode.c.h; path = PostViewController.h; sourceTree = "<group>"; };
		B16189811AFC5FB400FE6CF4 /* PostViewController.m */ = {isa = PBXFileReference; fileEncoding = 4; lastKnownFileType = sourcecode.c.objc; path = PostViewController.m; sourceTree = "<group>"; };
		B16189841AFD001C00FE6CF4 /* PhotoesView.h */ = {isa = PBXFileReference; fileEncoding = 4; lastKnownFileType = sourcecode.c.h; path = PhotoesView.h; sourceTree = "<group>"; };
		B16189851AFD001C00FE6CF4 /* PhotoesView.m */ = {isa = PBXFileReference; fileEncoding = 4; lastKnownFileType = sourcecode.c.objc; path = PhotoesView.m; sourceTree = "<group>"; };
		B162CB361B0E1E1400DB6205 /* DetailScrollView.h */ = {isa = PBXFileReference; fileEncoding = 4; lastKnownFileType = sourcecode.c.h; path = DetailScrollView.h; sourceTree = "<group>"; };
		B162CB371B0E1E1400DB6205 /* DetailScrollView.m */ = {isa = PBXFileReference; fileEncoding = 4; lastKnownFileType = sourcecode.c.objc; path = DetailScrollView.m; sourceTree = "<group>"; };
		B162CB3A1B0E42F500DB6205 /* DeTailImgView.h */ = {isa = PBXFileReference; fileEncoding = 4; lastKnownFileType = sourcecode.c.h; path = DeTailImgView.h; sourceTree = "<group>"; };
		B162CB3B1B0E42F500DB6205 /* DeTailImgView.m */ = {isa = PBXFileReference; fileEncoding = 4; lastKnownFileType = sourcecode.c.objc; path = DeTailImgView.m; sourceTree = "<group>"; };
		B1638D4A1B2120E5006828A7 /* cmtData.h */ = {isa = PBXFileReference; fileEncoding = 4; lastKnownFileType = sourcecode.c.h; path = cmtData.h; sourceTree = "<group>"; };
		B1638D4B1B2120E5006828A7 /* cmtData.m */ = {isa = PBXFileReference; fileEncoding = 4; lastKnownFileType = sourcecode.c.objc; path = cmtData.m; sourceTree = "<group>"; };
		B1649BF61AF8DDA100B5EC0C /* RightMenuController.h */ = {isa = PBXFileReference; fileEncoding = 4; lastKnownFileType = sourcecode.c.h; path = RightMenuController.h; sourceTree = "<group>"; };
		B1649BF71AF8DDA100B5EC0C /* RightMenuController.m */ = {isa = PBXFileReference; fileEncoding = 4; lastKnownFileType = sourcecode.c.objc; path = RightMenuController.m; sourceTree = "<group>"; };
		B164C9F11B08028600D9282A /* HTableViewCell.h */ = {isa = PBXFileReference; fileEncoding = 4; lastKnownFileType = sourcecode.c.h; path = HTableViewCell.h; sourceTree = "<group>"; };
		B164C9F21B08028600D9282A /* HTableViewCell.m */ = {isa = PBXFileReference; fileEncoding = 4; lastKnownFileType = sourcecode.c.objc; path = HTableViewCell.m; sourceTree = "<group>"; };
		B164C9F41B0815AC00D9282A /* Images.xcassets */ = {isa = PBXFileReference; lastKnownFileType = folder.assetcatalog; path = Images.xcassets; sourceTree = "<group>"; };
		B164C9FD1B08666500D9282A /* DetailViewController.h */ = {isa = PBXFileReference; fileEncoding = 4; lastKnownFileType = sourcecode.c.h; path = DetailViewController.h; sourceTree = "<group>"; };
		B164C9FE1B08666500D9282A /* DetailViewController.m */ = {isa = PBXFileReference; fileEncoding = 4; lastKnownFileType = sourcecode.c.objc; path = DetailViewController.m; sourceTree = "<group>"; };
		B164C9FF1B08666500D9282A /* DetailViewController.xib */ = {isa = PBXFileReference; fileEncoding = 4; lastKnownFileType = file.xib; path = DetailViewController.xib; sourceTree = "<group>"; };
		B164CA041B086A6B00D9282A /* cellWithPics.h */ = {isa = PBXFileReference; fileEncoding = 4; lastKnownFileType = sourcecode.c.h; path = cellWithPics.h; sourceTree = "<group>"; };
		B164CA051B086A6B00D9282A /* cellWithPics.m */ = {isa = PBXFileReference; fileEncoding = 4; lastKnownFileType = sourcecode.c.objc; path = cellWithPics.m; sourceTree = "<group>"; };
		B164CA061B086A6B00D9282A /* cellWithPics.xib */ = {isa = PBXFileReference; fileEncoding = 4; lastKnownFileType = file.xib; path = cellWithPics.xib; sourceTree = "<group>"; };
		B164D1621B0076C500CF7A5E /* RightMenuController.xib */ = {isa = PBXFileReference; fileEncoding = 4; lastKnownFileType = file.xib; path = RightMenuController.xib; sourceTree = "<group>"; };
		B164D1671B007DF000CF7A5E /* scrollViewInnerButton.xib */ = {isa = PBXFileReference; fileEncoding = 4; lastKnownFileType = file.xib; path = scrollViewInnerButton.xib; sourceTree = "<group>"; };
		B164D16D1B007F5200CF7A5E /* ProfileController.h */ = {isa = PBXFileReference; fileEncoding = 4; lastKnownFileType = sourcecode.c.h; path = ProfileController.h; sourceTree = "<group>"; };
		B164D16E1B007F5200CF7A5E /* ProfileController.m */ = {isa = PBXFileReference; fileEncoding = 4; lastKnownFileType = sourcecode.c.objc; path = ProfileController.m; sourceTree = "<group>"; };
		B164D1701B00813D00CF7A5E /* ScrollViewInnerBtn.h */ = {isa = PBXFileReference; fileEncoding = 4; lastKnownFileType = sourcecode.c.h; path = ScrollViewInnerBtn.h; sourceTree = "<group>"; };
		B164D1711B00813D00CF7A5E /* ScrollViewInnerBtn.m */ = {isa = PBXFileReference; fileEncoding = 4; lastKnownFileType = sourcecode.c.objc; path = ScrollViewInnerBtn.m; sourceTree = "<group>"; };
		B167FF4D1B1DB28500211BF4 /* addOrDelBtn.h */ = {isa = PBXFileReference; fileEncoding = 4; lastKnownFileType = sourcecode.c.h; path = addOrDelBtn.h; sourceTree = "<group>"; };
		B167FF4E1B1DB28500211BF4 /* addOrDelBtn.m */ = {isa = PBXFileReference; fileEncoding = 4; lastKnownFileType = sourcecode.c.objc; path = addOrDelBtn.m; sourceTree = "<group>"; };
		B16876661B1A88B5001A7413 /* Followers.h */ = {isa = PBXFileReference; fileEncoding = 4; lastKnownFileType = sourcecode.c.h; path = Followers.h; sourceTree = "<group>"; };
		B16876671B1A88B5001A7413 /* Followers.m */ = {isa = PBXFileReference; fileEncoding = 4; lastKnownFileType = sourcecode.c.objc; path = Followers.m; sourceTree = "<group>"; };
		B16876821B1B117A001A7413 /* cellForPost.h */ = {isa = PBXFileReference; fileEncoding = 4; lastKnownFileType = sourcecode.c.h; path = cellForPost.h; sourceTree = "<group>"; };
		B16876831B1B117A001A7413 /* cellForPost.m */ = {isa = PBXFileReference; fileEncoding = 4; lastKnownFileType = sourcecode.c.objc; path = cellForPost.m; sourceTree = "<group>"; };
		B16876841B1B117A001A7413 /* cellForPost.xib */ = {isa = PBXFileReference; fileEncoding = 4; lastKnownFileType = file.xib; path = cellForPost.xib; sourceTree = "<group>"; };
		B16876881B1B458C001A7413 /* postData.h */ = {isa = PBXFileReference; fileEncoding = 4; lastKnownFileType = sourcecode.c.h; path = postData.h; sourceTree = "<group>"; };
		B16876891B1B458C001A7413 /* postData.m */ = {isa = PBXFileReference; fileEncoding = 4; lastKnownFileType = sourcecode.c.objc; path = postData.m; sourceTree = "<group>"; };
		B168FF861B0C65A800D2BC9A /* UIImage+OIInCache.h */ = {isa = PBXFileReference; fileEncoding = 4; lastKnownFileType = sourcecode.c.h; path = "UIImage+OIInCache.h"; sourceTree = "<group>"; };
		B168FF871B0C65A800D2BC9A /* UIImage+OIInCache.m */ = {isa = PBXFileReference; fileEncoding = 4; lastKnownFileType = sourcecode.c.objc; path = "UIImage+OIInCache.m"; sourceTree = "<group>"; };
		B16963261B10A5E2008F75E2 /* UIViewController+RefreshData.h */ = {isa = PBXFileReference; fileEncoding = 4; lastKnownFileType = sourcecode.c.h; path = "UIViewController+RefreshData.h"; sourceTree = "<group>"; };
		B16963271B10A5E2008F75E2 /* UIViewController+RefreshData.m */ = {isa = PBXFileReference; fileEncoding = 4; lastKnownFileType = sourcecode.c.objc; path = "UIViewController+RefreshData.m"; sourceTree = "<group>"; };
		B169632A1B10B6DF008F75E2 /* NavIntestedPeoTVC.h */ = {isa = PBXFileReference; fileEncoding = 4; lastKnownFileType = sourcecode.c.h; path = NavIntestedPeoTVC.h; sourceTree = "<group>"; };
		B169632B1B10B6DF008F75E2 /* NavIntestedPeoTVC.m */ = {isa = PBXFileReference; fileEncoding = 4; lastKnownFileType = sourcecode.c.objc; path = NavIntestedPeoTVC.m; sourceTree = "<group>"; };
		B16963311B10B75D008F75E2 /* NavShareComTVC.h */ = {isa = PBXFileReference; fileEncoding = 4; lastKnownFileType = sourcecode.c.h; path = NavShareComTVC.h; sourceTree = "<group>"; };
		B16963321B10B75D008F75E2 /* NavShareComTVC.m */ = {isa = PBXFileReference; fileEncoding = 4; lastKnownFileType = sourcecode.c.objc; path = NavShareComTVC.m; sourceTree = "<group>"; };
		B16B86C81B189E4900E28C2A /* usersData.h */ = {isa = PBXFileReference; fileEncoding = 4; lastKnownFileType = sourcecode.c.h; path = usersData.h; sourceTree = "<group>"; };
		B16B86C91B189E4900E28C2A /* usersData.m */ = {isa = PBXFileReference; fileEncoding = 4; lastKnownFileType = sourcecode.c.objc; path = usersData.m; sourceTree = "<group>"; };
		B16EF26F1B00347400D4F05E /* pickc540c.jpg */ = {isa = PBXFileReference; lastKnownFileType = image.jpeg; path = pickc540c.jpg; sourceTree = "<group>"; };
		B16EF2711B003BC100D4F05E /* afriCan-groundnut-stew.jpg */ = {isa = PBXFileReference; lastKnownFileType = image.jpeg; path = "afriCan-groundnut-stew.jpg"; sourceTree = "<group>"; };
		B16EF2731B005EA200D4F05E /* bush-food-brown-lrg.jpg */ = {isa = PBXFileReference; lastKnownFileType = image.jpeg; path = "bush-food-brown-lrg.jpg"; sourceTree = "<group>"; };
		B17080161B0B490700636A41 /* HScrollView.h */ = {isa = PBXFileReference; fileEncoding = 4; lastKnownFileType = sourcecode.c.h; path = HScrollView.h; sourceTree = "<group>"; };
		B17080171B0B490700636A41 /* HScrollView.m */ = {isa = PBXFileReference; fileEncoding = 4; lastKnownFileType = sourcecode.c.objc; path = HScrollView.m; sourceTree = "<group>"; };
		B17481EB1B135D6300FC700F /* cellForFriends.h */ = {isa = PBXFileReference; fileEncoding = 4; lastKnownFileType = sourcecode.c.h; path = cellForFriends.h; sourceTree = "<group>"; };
		B17481EC1B135D6300FC700F /* cellForFriends.m */ = {isa = PBXFileReference; fileEncoding = 4; lastKnownFileType = sourcecode.c.objc; path = cellForFriends.m; sourceTree = "<group>"; };
		B17481ED1B135D6300FC700F /* cellForFriends.xib */ = {isa = PBXFileReference; fileEncoding = 4; lastKnownFileType = file.xib; path = cellForFriends.xib; sourceTree = "<group>"; };
		B17F85481B0EB66700211BFD /* MapViewController.h */ = {isa = PBXFileReference; fileEncoding = 4; lastKnownFileType = sourcecode.c.h; path = MapViewController.h; sourceTree = "<group>"; };
		B17F85491B0EB66700211BFD /* MapViewController.m */ = {isa = PBXFileReference; fileEncoding = 4; lastKnownFileType = sourcecode.c.objc; path = MapViewController.m; sourceTree = "<group>"; };
		B17F854A1B0EB66700211BFD /* MapViewController.xib */ = {isa = PBXFileReference; fileEncoding = 4; lastKnownFileType = file.xib; path = MapViewController.xib; sourceTree = "<group>"; };
		B17F854D1B0EB97200211BFD /* MapKit.framework */ = {isa = PBXFileReference; lastKnownFileType = wrapper.framework; name = MapKit.framework; path = System/Library/Frameworks/MapKit.framework; sourceTree = SDKROOT; };
		B17F85501B0F677700211BFD /* MyAnnotation.h */ = {isa = PBXFileReference; fileEncoding = 4; lastKnownFileType = sourcecode.c.h; path = MyAnnotation.h; sourceTree = "<group>"; };
		B17F85511B0F677700211BFD /* MyAnnotation.m */ = {isa = PBXFileReference; fileEncoding = 4; lastKnownFileType = sourcecode.c.objc; path = MyAnnotation.m; sourceTree = "<group>"; };
		B18134441AFB019900635DFC /* Bolts.framework */ = {isa = PBXFileReference; lastKnownFileType = wrapper.framework; path = Bolts.framework; sourceTree = "<group>"; };
		B18134451AFB019900635DFC /* Parse.framework */ = {isa = PBXFileReference; lastKnownFileType = wrapper.framework; path = Parse.framework; sourceTree = "<group>"; };
		B18134481AFB024200635DFC /* AudioToolbox.framework */ = {isa = PBXFileReference; lastKnownFileType = wrapper.framework; name = AudioToolbox.framework; path = System/Library/Frameworks/AudioToolbox.framework; sourceTree = SDKROOT; };
		B181344A1AFB025300635DFC /* CFNetwork.framework */ = {isa = PBXFileReference; lastKnownFileType = wrapper.framework; name = CFNetwork.framework; path = System/Library/Frameworks/CFNetwork.framework; sourceTree = SDKROOT; };
		B181344C1AFB026900635DFC /* CoreGraphics.framework */ = {isa = PBXFileReference; lastKnownFileType = wrapper.framework; name = CoreGraphics.framework; path = System/Library/Frameworks/CoreGraphics.framework; sourceTree = SDKROOT; };
		B181344E1AFB028C00635DFC /* CoreLocation.framework */ = {isa = PBXFileReference; lastKnownFileType = wrapper.framework; name = CoreLocation.framework; path = System/Library/Frameworks/CoreLocation.framework; sourceTree = SDKROOT; };
		B18134501AFB02A300635DFC /* MobileCoreServices.framework */ = {isa = PBXFileReference; lastKnownFileType = wrapper.framework; name = MobileCoreServices.framework; path = System/Library/Frameworks/MobileCoreServices.framework; sourceTree = SDKROOT; };
		B18134521AFB02BE00635DFC /* QuartzCore.framework */ = {isa = PBXFileReference; lastKnownFileType = wrapper.framework; name = QuartzCore.framework; path = System/Library/Frameworks/QuartzCore.framework; sourceTree = SDKROOT; };
		B18134541AFB02CA00635DFC /* Security.framework */ = {isa = PBXFileReference; lastKnownFileType = wrapper.framework; name = Security.framework; path = System/Library/Frameworks/Security.framework; sourceTree = SDKROOT; };
		B18134561AFB02D500635DFC /* StoreKit.framework */ = {isa = PBXFileReference; lastKnownFileType = wrapper.framework; name = StoreKit.framework; path = System/Library/Frameworks/StoreKit.framework; sourceTree = SDKROOT; };
		B18134581AFB02E500635DFC /* SystemConfiguration.framework */ = {isa = PBXFileReference; lastKnownFileType = wrapper.framework; name = SystemConfiguration.framework; path = System/Library/Frameworks/SystemConfiguration.framework; sourceTree = SDKROOT; };
		B181345A1AFB031900635DFC /* libz.dylib */ = {isa = PBXFileReference; lastKnownFileType = "compiled.mach-o.dylib"; name = libz.dylib; path = usr/lib/libz.dylib; sourceTree = SDKROOT; };
		B181345C1AFB033E00635DFC /* libsqlite3.dylib */ = {isa = PBXFileReference; lastKnownFileType = "compiled.mach-o.dylib"; name = libsqlite3.dylib; path = usr/lib/libsqlite3.dylib; sourceTree = SDKROOT; };
		B18134661AFBA91200635DFC /* PostViewController.xib */ = {isa = PBXFileReference; fileEncoding = 4; lastKnownFileType = file.xib; path = PostViewController.xib; sourceTree = "<group>"; };
		B18DF9AF1AF891F900D3071F /* LeftMenu.h */ = {isa = PBXFileReference; fileEncoding = 4; lastKnownFileType = sourcecode.c.h; path = LeftMenu.h; sourceTree = "<group>"; };
		B18DF9B01AF891F900D3071F /* LeftMenu.m */ = {isa = PBXFileReference; fileEncoding = 4; lastKnownFileType = sourcecode.c.objc; path = LeftMenu.m; sourceTree = "<group>"; };
		B19807B81B079D6400C73AC6 /* cellNormal.xib */ = {isa = PBXFileReference; fileEncoding = 4; lastKnownFileType = file.xib; path = cellNormal.xib; sourceTree = "<group>"; };
		B19FB0261AF61A97004B0E34 /* PetDairy.app */ = {isa = PBXFileReference; explicitFileType = wrapper.application; includeInIndex = 0; path = PetDairy.app; sourceTree = BUILT_PRODUCTS_DIR; };
		B19FB02A1AF61A97004B0E34 /* Info.plist */ = {isa = PBXFileReference; lastKnownFileType = text.plist.xml; path = Info.plist; sourceTree = "<group>"; };
		B19FB02B1AF61A97004B0E34 /* main.m */ = {isa = PBXFileReference; lastKnownFileType = sourcecode.c.objc; path = main.m; sourceTree = "<group>"; };
		B19FB02D1AF61A97004B0E34 /* AppDelegate.h */ = {isa = PBXFileReference; lastKnownFileType = sourcecode.c.h; path = AppDelegate.h; sourceTree = "<group>"; };
		B19FB02E1AF61A97004B0E34 /* AppDelegate.m */ = {isa = PBXFileReference; lastKnownFileType = sourcecode.c.objc; path = AppDelegate.m; sourceTree = "<group>"; };
		B19FB0311AF61A97004B0E34 /* PetDairy.xcdatamodel */ = {isa = PBXFileReference; lastKnownFileType = wrapper.xcdatamodel; path = PetDairy.xcdatamodel; sourceTree = "<group>"; };
		B19FB0371AF61A97004B0E34 /* Base */ = {isa = PBXFileReference; lastKnownFileType = file.storyboard; name = Base; path = Base.lproj/Main.storyboard; sourceTree = "<group>"; };
		B19FB03C1AF61A97004B0E34 /* Base */ = {isa = PBXFileReference; lastKnownFileType = file.xib; name = Base; path = Base.lproj/LaunchScreen.xib; sourceTree = "<group>"; };
		B19FB0421AF61A97004B0E34 /* PetDairyTests.xctest */ = {isa = PBXFileReference; explicitFileType = wrapper.cfbundle; includeInIndex = 0; path = PetDairyTests.xctest; sourceTree = BUILT_PRODUCTS_DIR; };
		B19FB0471AF61A97004B0E34 /* Info.plist */ = {isa = PBXFileReference; lastKnownFileType = text.plist.xml; path = Info.plist; sourceTree = "<group>"; };
		B19FB0481AF61A97004B0E34 /* PetDairyTests.m */ = {isa = PBXFileReference; lastKnownFileType = sourcecode.c.objc; path = PetDairyTests.m; sourceTree = "<group>"; };
		B19FB0551AF64996004B0E34 /* sidebar_bg@2x.jpg */ = {isa = PBXFileReference; lastKnownFileType = image.jpeg; path = "sidebar_bg@2x.jpg"; sourceTree = "<group>"; };
		B19FB0571AF64B16004B0E34 /* MainController.h */ = {isa = PBXFileReference; fileEncoding = 4; lastKnownFileType = sourcecode.c.h; path = MainController.h; sourceTree = "<group>"; };
		B19FB0581AF64B16004B0E34 /* MainController.m */ = {isa = PBXFileReference; fileEncoding = 4; lastKnownFileType = sourcecode.c.objc; path = MainController.m; sourceTree = "<group>"; };
		B19FB05F1AF64F50004B0E34 /* HTableViewController.h */ = {isa = PBXFileReference; fileEncoding = 4; lastKnownFileType = sourcecode.c.h; path = HTableViewController.h; sourceTree = "<group>"; };
		B19FB0601AF64F50004B0E34 /* HTableViewController.m */ = {isa = PBXFileReference; fileEncoding = 4; lastKnownFileType = sourcecode.c.objc; path = HTableViewController.m; sourceTree = "<group>"; };
		B19FB0631AF6519C004B0E34 /* TitleButton.h */ = {isa = PBXFileReference; fileEncoding = 4; lastKnownFileType = sourcecode.c.h; path = TitleButton.h; sourceTree = "<group>"; };
		B19FB0641AF6519C004B0E34 /* TitleButton.m */ = {isa = PBXFileReference; fileEncoding = 4; lastKnownFileType = sourcecode.c.objc; path = TitleButton.m; sourceTree = "<group>"; };
		B19FB0681AF653C9004B0E34 /* UIBarButtonItem+Extension.h */ = {isa = PBXFileReference; fileEncoding = 4; lastKnownFileType = sourcecode.c.h; path = "UIBarButtonItem+Extension.h"; sourceTree = "<group>"; };
		B19FB0691AF653C9004B0E34 /* UIBarButtonItem+Extension.m */ = {isa = PBXFileReference; fileEncoding = 4; lastKnownFileType = sourcecode.c.objc; path = "UIBarButtonItem+Extension.m"; sourceTree = "<group>"; };
		B19FB06A1AF653C9004B0E34 /* UIImage+Extension.h */ = {isa = PBXFileReference; fileEncoding = 4; lastKnownFileType = sourcecode.c.h; path = "UIImage+Extension.h"; sourceTree = "<group>"; };
		B19FB06B1AF653C9004B0E34 /* UIImage+Extension.m */ = {isa = PBXFileReference; fileEncoding = 4; lastKnownFileType = sourcecode.c.objc; path = "UIImage+Extension.m"; sourceTree = "<group>"; };
		B19FB06C1AF653C9004B0E34 /* UIView+Extension.h */ = {isa = PBXFileReference; fileEncoding = 4; lastKnownFileType = sourcecode.c.h; path = "UIView+Extension.h"; sourceTree = "<group>"; };
		B19FB06D1AF653C9004B0E34 /* UIView+Extension.m */ = {isa = PBXFileReference; fileEncoding = 4; lastKnownFileType = sourcecode.c.objc; path = "UIView+Extension.m"; sourceTree = "<group>"; };
		B19FB0711AF65561004B0E34 /* Header.h */ = {isa = PBXFileReference; lastKnownFileType = sourcecode.c.h; path = Header.h; sourceTree = "<group>"; };
		B1CFE1261B14B96F002DB2B0 /* RegisterVC.h */ = {isa = PBXFileReference; fileEncoding = 4; lastKnownFileType = sourcecode.c.h; path = RegisterVC.h; sourceTree = "<group>"; };
		B1CFE1271B14B96F002DB2B0 /* RegisterVC.m */ = {isa = PBXFileReference; fileEncoding = 4; lastKnownFileType = sourcecode.c.objc; path = RegisterVC.m; sourceTree = "<group>"; };
		B1CFE1281B14B96F002DB2B0 /* RegisterVC.xib */ = {isa = PBXFileReference; fileEncoding = 4; lastKnownFileType = file.xib; path = RegisterVC.xib; sourceTree = "<group>"; };
		B1D8C5BF1B04546B002DF360 /* UIView+AutoLayout.h */ = {isa = PBXFileReference; fileEncoding = 4; lastKnownFileType = sourcecode.c.h; path = "UIView+AutoLayout.h"; sourceTree = "<group>"; };
		B1D8C5C01B04546B002DF360 /* UIView+AutoLayout.m */ = {isa = PBXFileReference; fileEncoding = 4; lastKnownFileType = sourcecode.c.objc; path = "UIView+AutoLayout.m"; sourceTree = "<group>"; };
/* End PBXFileReference section */

/* Begin PBXFrameworksBuildPhase section */
		B19FB0231AF61A97004B0E34 /* Frameworks */ = {
			isa = PBXFrameworksBuildPhase;
			buildActionMask = 2147483647;
			files = (
				B17F854E1B0EB97200211BFD /* MapKit.framework in Frameworks */,
				B181345D1AFB033E00635DFC /* libsqlite3.dylib in Frameworks */,
				B181345B1AFB031900635DFC /* libz.dylib in Frameworks */,
				B18134591AFB02E500635DFC /* SystemConfiguration.framework in Frameworks */,
				B18134571AFB02D500635DFC /* StoreKit.framework in Frameworks */,
				B18134551AFB02CA00635DFC /* Security.framework in Frameworks */,
				B18134531AFB02BE00635DFC /* QuartzCore.framework in Frameworks */,
				B18134511AFB02A300635DFC /* MobileCoreServices.framework in Frameworks */,
				B181344F1AFB028C00635DFC /* CoreLocation.framework in Frameworks */,
				B181344D1AFB026900635DFC /* CoreGraphics.framework in Frameworks */,
				B181344B1AFB025300635DFC /* CFNetwork.framework in Frameworks */,
				B18134491AFB024200635DFC /* AudioToolbox.framework in Frameworks */,
				B18134471AFB019900635DFC /* Parse.framework in Frameworks */,
				B18134461AFB019900635DFC /* Bolts.framework in Frameworks */,
			);
			runOnlyForDeploymentPostprocessing = 0;
		};
		B19FB03F1AF61A97004B0E34 /* Frameworks */ = {
			isa = PBXFrameworksBuildPhase;
			buildActionMask = 2147483647;
			files = (
			);
			runOnlyForDeploymentPostprocessing = 0;
		};
/* End PBXFrameworksBuildPhase section */

/* Begin PBXGroup section */
		B101CBBD1B074B9F00549F58 /* Controller */ = {
			isa = PBXGroup;
			children = (
				B19FB05E1AF64F18004B0E34 /* HTableViewController */,
			);
			name = Controller;
			sourceTree = "<group>";
		};
		B101CBBE1B074BA700549F58 /* Modal */ = {
			isa = PBXGroup;
			children = (
				B101CBBA1B074B7E00549F58 /* HCmtDataModal.h */,
				B101CBBB1B074B7E00549F58 /* HCmtDataModal.m */,
			);
			name = Modal;
			sourceTree = "<group>";
		};
		B101CBBF1B074BAE00549F58 /* View */ = {
			isa = PBXGroup;
			children = (
				B164CA031B086A2400D9282A /* cellPics */,
				B164CA021B086A1A00D9282A /* cellNormal */,
			);
			name = View;
			sourceTree = "<group>";
		};
		B10679461B0DBC8F0039AC33 /* popOverBtn */ = {
			isa = PBXGroup;
			children = (
				B10679471B0DBCC70039AC33 /* HPopOverBtn.h */,
				B10679481B0DBCC70039AC33 /* HPopOverBtn.m */,
			);
			name = popOverBtn;
			sourceTree = "<group>";
		};
		B11694A41B01999600CF8381 /* commentView */ = {
			isa = PBXGroup;
			children = (
				B11694A71B01C44800CF8381 /* commentView.h */,
				B11694A81B01C44800CF8381 /* commentView.m */,
				B11694AE1B01D48E00CF8381 /* newCommentView.xib */,
			);
			name = commentView;
			sourceTree = "<group>";
		};
		B16189831AFCFFD100FE6CF4 /* ScrollView */ = {
			isa = PBXGroup;
			children = (
				B16189841AFD001C00FE6CF4 /* PhotoesView.h */,
				B16189851AFD001C00FE6CF4 /* PhotoesView.m */,
			);
			name = ScrollView;
			sourceTree = "<group>";
		};
		B162CB351B0E1DE500DB6205 /* DetailScrollView */ = {
			isa = PBXGroup;
			children = (
				B162CB361B0E1E1400DB6205 /* DetailScrollView.h */,
				B162CB371B0E1E1400DB6205 /* DetailScrollView.m */,
			);
			name = DetailScrollView;
			sourceTree = "<group>";
		};
		B162CB391B0E42B900DB6205 /* InnerImgView */ = {
			isa = PBXGroup;
			children = (
				B162CB3A1B0E42F500DB6205 /* DeTailImgView.h */,
				B162CB3B1B0E42F500DB6205 /* DeTailImgView.m */,
			);
			name = InnerImgView;
			sourceTree = "<group>";
		};
		B1638D491B2120CA006828A7 /* commentData */ = {
			isa = PBXGroup;
			children = (
				B1638D4A1B2120E5006828A7 /* cmtData.h */,
				B1638D4B1B2120E5006828A7 /* cmtData.m */,
			);
			name = commentData;
			sourceTree = "<group>";
		};
		B1649BEF1AF8CCA700B5EC0C /* MiddlePanel */ = {
			isa = PBXGroup;
			children = (
				B164D1661B007D4A00CF7A5E /* modal */,
				B164D1651B007D4100CF7A5E /* view */,
				B164D1641B007D3600CF7A5E /* controller */,
			);
			name = MiddlePanel;
			sourceTree = "<group>";
		};
		B1649BF01AF8CCBE00B5EC0C /* RightPanel */ = {
			isa = PBXGroup;
			children = (
				B101CBBF1B074BAE00549F58 /* View */,
				B101CBBE1B074BA700549F58 /* Modal */,
				B101CBBD1B074B9F00549F58 /* Controller */,
				B164D16D1B007F5200CF7A5E /* ProfileController.h */,
				B164D16E1B007F5200CF7A5E /* ProfileController.m */,
			);
			name = RightPanel;
			sourceTree = "<group>";
		};
		B164C9F61B0862CE00D9282A /* postController */ = {
			isa = PBXGroup;
			children = (
				B16189801AFC5FB400FE6CF4 /* PostViewController.h */,
				B16189811AFC5FB400FE6CF4 /* PostViewController.m */,
				B18134661AFBA91200635DFC /* PostViewController.xib */,
			);
			name = postController;
			sourceTree = "<group>";
		};
		B164C9F71B0862F000D9282A /* detailViewController */ = {
			isa = PBXGroup;
			children = (
				B17F85471B0EB60500211BFD /* MapViewController */,
				B162CB391B0E42B900DB6205 /* InnerImgView */,
				B162CB351B0E1DE500DB6205 /* DetailScrollView */,
				B164C9FD1B08666500D9282A /* DetailViewController.h */,
				B164C9FE1B08666500D9282A /* DetailViewController.m */,
				B164C9FF1B08666500D9282A /* DetailViewController.xib */,
			);
			name = detailViewController;
			sourceTree = "<group>";
		};
		B164CA021B086A1A00D9282A /* cellNormal */ = {
			isa = PBXGroup;
			children = (
				B19807B81B079D6400C73AC6 /* cellNormal.xib */,
				B164C9F11B08028600D9282A /* HTableViewCell.h */,
				B164C9F21B08028600D9282A /* HTableViewCell.m */,
			);
			name = cellNormal;
			sourceTree = "<group>";
		};
		B164CA031B086A2400D9282A /* cellPics */ = {
			isa = PBXGroup;
			children = (
				B164CA041B086A6B00D9282A /* cellWithPics.h */,
				B164CA051B086A6B00D9282A /* cellWithPics.m */,
				B164CA061B086A6B00D9282A /* cellWithPics.xib */,
			);
			name = cellPics;
			sourceTree = "<group>";
		};
		B164D1641B007D3600CF7A5E /* controller */ = {
			isa = PBXGroup;
			children = (
				B19FB05A1AF64D13004B0E34 /* MainController */,
			);
			name = controller;
			sourceTree = "<group>";
		};
		B164D1651B007D4100CF7A5E /* view */ = {
			isa = PBXGroup;
			children = (
				B11694A41B01999600CF8381 /* commentView */,
				B16189831AFCFFD100FE6CF4 /* ScrollView */,
				B164D1691B007DFE00CF7A5E /* ScrollviewInnerButton */,
				B19FB0621AF6517A004B0E34 /* TitleView */,
			);
			name = view;
			sourceTree = "<group>";
		};
		B164D1661B007D4A00CF7A5E /* modal */ = {
			isa = PBXGroup;
			children = (
			);
			name = modal;
			sourceTree = "<group>";
		};
		B164D1691B007DFE00CF7A5E /* ScrollviewInnerButton */ = {
			isa = PBXGroup;
			children = (
				B164D1671B007DF000CF7A5E /* scrollViewInnerButton.xib */,
				B164D1701B00813D00CF7A5E /* ScrollViewInnerBtn.h */,
				B164D1711B00813D00CF7A5E /* ScrollViewInnerBtn.m */,
			);
			name = ScrollviewInnerButton;
			sourceTree = "<group>";
		};
		B167FF4C1B1DB25500211BF4 /* addOrDelBtn */ = {
			isa = PBXGroup;
			children = (
				B167FF4D1B1DB28500211BF4 /* addOrDelBtn.h */,
				B167FF4E1B1DB28500211BF4 /* addOrDelBtn.m */,
			);
			name = addOrDelBtn;
			sourceTree = "<group>";
		};
		B16876651B1A8899001A7413 /* followers */ = {
			isa = PBXGroup;
			children = (
				B16876661B1A88B5001A7413 /* Followers.h */,
				B16876671B1A88B5001A7413 /* Followers.m */,
			);
			name = followers;
			sourceTree = "<group>";
		};
		B16876691B1ABE1A001A7413 /* cellForPost */ = {
			isa = PBXGroup;
			children = (
				B16876821B1B117A001A7413 /* cellForPost.h */,
				B16876831B1B117A001A7413 /* cellForPost.m */,
				B16876841B1B117A001A7413 /* cellForPost.xib */,
			);
			name = cellForPost;
			sourceTree = "<group>";
		};
		B16876721B1B006F001A7413 /* DetailViewController */ = {
			isa = PBXGroup;
			children = (
				B16127921B1F032500A64001 /* DetailParseViewController.h */,
				B16127931B1F032500A64001 /* DetailParseViewController.m */,
				B16127941B1F032500A64001 /* DetailParseViewController.xib */,
			);
			name = DetailViewController;
			sourceTree = "<group>";
		};
		B16876871B1B4570001A7413 /* postData */ = {
			isa = PBXGroup;
			children = (
				B16876881B1B458C001A7413 /* postData.h */,
				B16876891B1B458C001A7413 /* postData.m */,
			);
			name = postData;
			sourceTree = "<group>";
		};
		B16963291B10B68C008F75E2 /* NavIntrestedPeoController */ = {
			isa = PBXGroup;
			children = (
				B169632A1B10B6DF008F75E2 /* NavIntestedPeoTVC.h */,
				B169632B1B10B6DF008F75E2 /* NavIntestedPeoTVC.m */,
			);
			name = NavIntrestedPeoController;
			sourceTree = "<group>";
		};
		B169632D1B10B6EE008F75E2 /* Controller */ = {
			isa = PBXGroup;
			children = (
				B16876721B1B006F001A7413 /* DetailViewController */,
				B16963301B10B711008F75E2 /* NavShareComTVC */,
				B16963291B10B68C008F75E2 /* NavIntrestedPeoController */,
			);
			name = Controller;
			sourceTree = "<group>";
		};
		B169632E1B10B6F8008F75E2 /* Modal */ = {
			isa = PBXGroup;
			children = (
				B1638D491B2120CA006828A7 /* commentData */,
				B16876871B1B4570001A7413 /* postData */,
				B16876651B1A8899001A7413 /* followers */,
				B16B86C71B189E2900E28C2A /* usersData */,
			);
			name = Modal;
			sourceTree = "<group>";
		};
		B169632F1B10B702008F75E2 /* View */ = {
			isa = PBXGroup;
			children = (
				B16876691B1ABE1A001A7413 /* cellForPost */,
				B17481F01B135D6D00FC700F /* cellForFriends */,
			);
			name = View;
			sourceTree = "<group>";
		};
		B16963301B10B711008F75E2 /* NavShareComTVC */ = {
			isa = PBXGroup;
			children = (
				B16963311B10B75D008F75E2 /* NavShareComTVC.h */,
				B16963321B10B75D008F75E2 /* NavShareComTVC.m */,
			);
			name = NavShareComTVC;
			sourceTree = "<group>";
		};
		B16B86C71B189E2900E28C2A /* usersData */ = {
			isa = PBXGroup;
			children = (
				B16B86C81B189E4900E28C2A /* usersData.h */,
				B16B86C91B189E4900E28C2A /* usersData.m */,
			);
			name = usersData;
			sourceTree = "<group>";
		};
		B17080151B0B48CE00636A41 /* scrollView */ = {
			isa = PBXGroup;
			children = (
				B17080161B0B490700636A41 /* HScrollView.h */,
				B17080171B0B490700636A41 /* HScrollView.m */,
			);
			name = scrollView;
			sourceTree = "<group>";
		};
		B17481F01B135D6D00FC700F /* cellForFriends */ = {
			isa = PBXGroup;
			children = (
				B167FF4C1B1DB25500211BF4 /* addOrDelBtn */,
				B17481EB1B135D6300FC700F /* cellForFriends.h */,
				B17481EC1B135D6300FC700F /* cellForFriends.m */,
				B17481ED1B135D6300FC700F /* cellForFriends.xib */,
			);
			name = cellForFriends;
			sourceTree = "<group>";
		};
		B17AC26B1B103B9E0070A381 /* FriendsPanel */ = {
			isa = PBXGroup;
			children = (
				B169632F1B10B702008F75E2 /* View */,
				B169632E1B10B6F8008F75E2 /* Modal */,
				B169632D1B10B6EE008F75E2 /* Controller */,
			);
			name = FriendsPanel;
			sourceTree = "<group>";
		};
		B17F85471B0EB60500211BFD /* MapViewController */ = {
			isa = PBXGroup;
			children = (
				B17F854F1B0F674800211BFD /* MyAnnotation */,
				B17F85481B0EB66700211BFD /* MapViewController.h */,
				B17F85491B0EB66700211BFD /* MapViewController.m */,
				B17F854A1B0EB66700211BFD /* MapViewController.xib */,
			);
			name = MapViewController;
			sourceTree = "<group>";
		};
		B17F854F1B0F674800211BFD /* MyAnnotation */ = {
			isa = PBXGroup;
			children = (
				B17F85501B0F677700211BFD /* MyAnnotation.h */,
				B17F85511B0F677700211BFD /* MyAnnotation.m */,
			);
			name = MyAnnotation;
			sourceTree = "<group>";
		};
		B18134431AFB017E00635DFC /* frameWork */ = {
			isa = PBXGroup;
			children = (
				B18134441AFB019900635DFC /* Bolts.framework */,
				B18134451AFB019900635DFC /* Parse.framework */,
			);
			name = frameWork;
			sourceTree = "<group>";
		};
		B181345E1AFB9D4600635DFC /* global */ = {
			isa = PBXGroup;
			children = (
				B10679461B0DBC8F0039AC33 /* popOverBtn */,
				B17080151B0B48CE00636A41 /* scrollView */,
				B164C9F71B0862F000D9282A /* detailViewController */,
				B164C9F61B0862CE00D9282A /* postController */,
			);
			name = global;
			sourceTree = "<group>";
		};
		B18DF9AE1AF8913F00D3071F /* leftMenuPanel */ = {
			isa = PBXGroup;
			children = (
				B18DF9AF1AF891F900D3071F /* LeftMenu.h */,
				B18DF9B01AF891F900D3071F /* LeftMenu.m */,
			);
			name = leftMenuPanel;
			sourceTree = "<group>";
		};
		B19FB01D1AF61A97004B0E34 = {
			isa = PBXGroup;
			children = (
				B17F854D1B0EB97200211BFD /* MapKit.framework */,
				B181345C1AFB033E00635DFC /* libsqlite3.dylib */,
				B181345A1AFB031900635DFC /* libz.dylib */,
				B18134581AFB02E500635DFC /* SystemConfiguration.framework */,
				B18134561AFB02D500635DFC /* StoreKit.framework */,
				B18134541AFB02CA00635DFC /* Security.framework */,
				B18134521AFB02BE00635DFC /* QuartzCore.framework */,
				B18134501AFB02A300635DFC /* MobileCoreServices.framework */,
				B181344E1AFB028C00635DFC /* CoreLocation.framework */,
				B181344C1AFB026900635DFC /* CoreGraphics.framework */,
				B181344A1AFB025300635DFC /* CFNetwork.framework */,
				B18134481AFB024200635DFC /* AudioToolbox.framework */,
				B19FB0281AF61A97004B0E34 /* PetDairy */,
				B19FB0451AF61A97004B0E34 /* PetDairyTests */,
				B19FB0271AF61A97004B0E34 /* Products */,
			);
			sourceTree = "<group>";
		};
		B19FB0271AF61A97004B0E34 /* Products */ = {
			isa = PBXGroup;
			children = (
				B19FB0261AF61A97004B0E34 /* PetDairy.app */,
				B19FB0421AF61A97004B0E34 /* PetDairyTests.xctest */,
			);
			name = Products;
			sourceTree = "<group>";
		};
		B19FB0281AF61A97004B0E34 /* PetDairy */ = {
			isa = PBXGroup;
			children = (
				B19FB0531AF61AA9004B0E34 /* Class */,
				B19FB0521AF61A9F004B0E34 /* Resources */,
				B19FB0291AF61A97004B0E34 /* Supporting Files */,
			);
			path = PetDairy;
			sourceTree = "<group>";
		};
		B19FB0291AF61A97004B0E34 /* Supporting Files */ = {
			isa = PBXGroup;
			children = (
				B164C9F41B0815AC00D9282A /* Images.xcassets */,
				B16EF2731B005EA200D4F05E /* bush-food-brown-lrg.jpg */,
				B16EF2711B003BC100D4F05E /* afriCan-groundnut-stew.jpg */,
				B106794A1B0DEABB0039AC33 /* suShi.jpg */,
				B19FB02A1AF61A97004B0E34 /* Info.plist */,
				B19FB0551AF64996004B0E34 /* sidebar_bg@2x.jpg */,
				B16EF26F1B00347400D4F05E /* pickc540c.jpg */,
				B19FB02B1AF61A97004B0E34 /* main.m */,
				B19FB0711AF65561004B0E34 /* Header.h */,
			);
			name = "Supporting Files";
			sourceTree = "<group>";
		};
		B19FB0451AF61A97004B0E34 /* PetDairyTests */ = {
			isa = PBXGroup;
			children = (
				B19FB0481AF61A97004B0E34 /* PetDairyTests.m */,
				B19FB0461AF61A97004B0E34 /* Supporting Files */,
			);
			path = PetDairyTests;
			sourceTree = "<group>";
		};
		B19FB0461AF61A97004B0E34 /* Supporting Files */ = {
			isa = PBXGroup;
			children = (
				B19FB0471AF61A97004B0E34 /* Info.plist */,
			);
			name = "Supporting Files";
			sourceTree = "<group>";
		};
		B19FB0521AF61A9F004B0E34 /* Resources */ = {
			isa = PBXGroup;
			children = (
				B19FB0361AF61A97004B0E34 /* Main.storyboard */,
				B19FB03B1AF61A97004B0E34 /* LaunchScreen.xib */,
				B19FB0301AF61A97004B0E34 /* PetDairy.xcdatamodeld */,
			);
			name = Resources;
			sourceTree = "<group>";
		};
		B19FB0531AF61AA9004B0E34 /* Class */ = {
			isa = PBXGroup;
			children = (
				B1D8C5BE1B04545B002DF360 /* Category */,
				B181345E1AFB9D4600635DFC /* global */,
				B18134431AFB017E00635DFC /* frameWork */,
				B19FB0671AF653B0004B0E34 /* lib */,
				B19FB0541AF61AC6004B0E34 /* HomePanel */,
				B17AC26B1B103B9E0070A381 /* FriendsPanel */,
				B1CFE1251B14B8B1002DB2B0 /* RegisterPanel */,
				B19FB02D1AF61A97004B0E34 /* AppDelegate.h */,
				B19FB02E1AF61A97004B0E34 /* AppDelegate.m */,
			);
			name = Class;
			sourceTree = "<group>";
		};
		B19FB0541AF61AC6004B0E34 /* HomePanel */ = {
			isa = PBXGroup;
			children = (
				B1649BF01AF8CCBE00B5EC0C /* RightPanel */,
				B1649BEF1AF8CCA700B5EC0C /* MiddlePanel */,
				B18DF9AE1AF8913F00D3071F /* leftMenuPanel */,
				B19FB0571AF64B16004B0E34 /* MainController.h */,
				B19FB0581AF64B16004B0E34 /* MainController.m */,
			);
			name = HomePanel;
			sourceTree = "<group>";
		};
		B19FB05A1AF64D13004B0E34 /* MainController */ = {
			isa = PBXGroup;
			children = (
				B1649BF61AF8DDA100B5EC0C /* RightMenuController.h */,
				B164D1621B0076C500CF7A5E /* RightMenuController.xib */,
				B1649BF71AF8DDA100B5EC0C /* RightMenuController.m */,
			);
			name = MainController;
			sourceTree = "<group>";
		};
		B19FB05E1AF64F18004B0E34 /* HTableViewController */ = {
			isa = PBXGroup;
			children = (
				B19FB05F1AF64F50004B0E34 /* HTableViewController.h */,
				B19FB0601AF64F50004B0E34 /* HTableViewController.m */,
			);
			name = HTableViewController;
			sourceTree = "<group>";
		};
		B19FB0621AF6517A004B0E34 /* TitleView */ = {
			isa = PBXGroup;
			children = (
				B19FB0631AF6519C004B0E34 /* TitleButton.h */,
				B19FB0641AF6519C004B0E34 /* TitleButton.m */,
			);
			name = TitleView;
			sourceTree = "<group>";
		};
		B19FB0671AF653B0004B0E34 /* lib */ = {
			isa = PBXGroup;
			children = (
				B19FB0681AF653C9004B0E34 /* UIBarButtonItem+Extension.h */,
				B19FB0691AF653C9004B0E34 /* UIBarButtonItem+Extension.m */,
				B19FB06A1AF653C9004B0E34 /* UIImage+Extension.h */,
				B19FB06B1AF653C9004B0E34 /* UIImage+Extension.m */,
				B19FB06C1AF653C9004B0E34 /* UIView+Extension.h */,
				B19FB06D1AF653C9004B0E34 /* UIView+Extension.m */,
				B16963261B10A5E2008F75E2 /* UIViewController+RefreshData.h */,
				B16963271B10A5E2008F75E2 /* UIViewController+RefreshData.m */,
			);
			name = lib;
			sourceTree = "<group>";
		};
		B1CFE1251B14B8B1002DB2B0 /* RegisterPanel */ = {
			isa = PBXGroup;
			children = (
				B1CFE1261B14B96F002DB2B0 /* RegisterVC.h */,
				B1CFE1271B14B96F002DB2B0 /* RegisterVC.m */,
				B1CFE1281B14B96F002DB2B0 /* RegisterVC.xib */,
			);
			name = RegisterPanel;
			sourceTree = "<group>";
		};
		B1D8C5BE1B04545B002DF360 /* Category */ = {
			isa = PBXGroup;
			children = (
				B168FF861B0C65A800D2BC9A /* UIImage+OIInCache.h */,
				B168FF871B0C65A800D2BC9A /* UIImage+OIInCache.m */,
				B1D8C5BF1B04546B002DF360 /* UIView+AutoLayout.h */,
				B1D8C5C01B04546B002DF360 /* UIView+AutoLayout.m */,
			);
			name = Category;
			sourceTree = "<group>";
		};
/* End PBXGroup section */

/* Begin PBXNativeTarget section */
		B19FB0251AF61A97004B0E34 /* PetDairy */ = {
			isa = PBXNativeTarget;
			buildConfigurationList = B19FB04C1AF61A97004B0E34 /* Build configuration list for PBXNativeTarget "PetDairy" */;
			buildPhases = (
				B19FB0221AF61A97004B0E34 /* Sources */,
				B19FB0231AF61A97004B0E34 /* Frameworks */,
				B19FB0241AF61A97004B0E34 /* Resources */,
			);
			buildRules = (
			);
			dependencies = (
			);
			name = PetDairy;
			productName = PetDairy;
			productReference = B19FB0261AF61A97004B0E34 /* PetDairy.app */;
			productType = "com.apple.product-type.application";
		};
		B19FB0411AF61A97004B0E34 /* PetDairyTests */ = {
			isa = PBXNativeTarget;
			buildConfigurationList = B19FB04F1AF61A97004B0E34 /* Build configuration list for PBXNativeTarget "PetDairyTests" */;
			buildPhases = (
				B19FB03E1AF61A97004B0E34 /* Sources */,
				B19FB03F1AF61A97004B0E34 /* Frameworks */,
				B19FB0401AF61A97004B0E34 /* Resources */,
			);
			buildRules = (
			);
			dependencies = (
				B19FB0441AF61A97004B0E34 /* PBXTargetDependency */,
			);
			name = PetDairyTests;
			productName = PetDairyTests;
			productReference = B19FB0421AF61A97004B0E34 /* PetDairyTests.xctest */;
			productType = "com.apple.product-type.bundle.unit-test";
		};
/* End PBXNativeTarget section */

/* Begin PBXProject section */
		B19FB01E1AF61A97004B0E34 /* Project object */ = {
			isa = PBXProject;
			attributes = {
				LastUpgradeCheck = 0610;
				ORGANIZATIONNAME = H;
				TargetAttributes = {
					B19FB0251AF61A97004B0E34 = {
						CreatedOnToolsVersion = 6.1.1;
					};
					B19FB0411AF61A97004B0E34 = {
						CreatedOnToolsVersion = 6.1.1;
						TestTargetID = B19FB0251AF61A97004B0E34;
					};
				};
			};
			buildConfigurationList = B19FB0211AF61A97004B0E34 /* Build configuration list for PBXProject "PetDairy" */;
			compatibilityVersion = "Xcode 3.2";
			developmentRegion = English;
			hasScannedForEncodings = 0;
			knownRegions = (
				en,
				Base,
			);
			mainGroup = B19FB01D1AF61A97004B0E34;
			productRefGroup = B19FB0271AF61A97004B0E34 /* Products */;
			projectDirPath = "";
			projectRoot = "";
			targets = (
				B19FB0251AF61A97004B0E34 /* PetDairy */,
				B19FB0411AF61A97004B0E34 /* PetDairyTests */,
			);
		};
/* End PBXProject section */

/* Begin PBXResourcesBuildPhase section */
		B19FB0241AF61A97004B0E34 /* Resources */ = {
			isa = PBXResourcesBuildPhase;
			buildActionMask = 2147483647;
			files = (
				B164D1631B0076C500CF7A5E /* RightMenuController.xib in Resources */,
				B164CA011B08666500D9282A /* DetailViewController.xib in Resources */,
				B16EF2721B003BC200D4F05E /* afriCan-groundnut-stew.jpg in Resources */,
				B1CFE12A1B14B96F002DB2B0 /* RegisterVC.xib in Resources */,
				B17481EF1B135D6300FC700F /* cellForFriends.xib in Resources */,
				B17F854C1B0EB66700211BFD /* MapViewController.xib in Resources */,
				B19FB0561AF64996004B0E34 /* sidebar_bg@2x.jpg in Resources */,
				B106794B1B0DEABB0039AC33 /* suShi.jpg in Resources */,
				B164CA081B086A6B00D9282A /* cellWithPics.xib in Resources */,
				B16876861B1B117A001A7413 /* cellForPost.xib in Resources */,
				B18134681AFBA91200635DFC /* PostViewController.xib in Resources */,
				B16127961B1F032500A64001 /* DetailParseViewController.xib in Resources */,
				B19807B91B079D6400C73AC6 /* cellNormal.xib in Resources */,
				B19FB0381AF61A97004B0E34 /* Main.storyboard in Resources */,
				B16EF2741B005EA200D4F05E /* bush-food-brown-lrg.jpg in Resources */,
				B16EF2701B00347400D4F05E /* pickc540c.jpg in Resources */,
				B19FB03D1AF61A97004B0E34 /* LaunchScreen.xib in Resources */,
				B164C9F51B0815AC00D9282A /* Images.xcassets in Resources */,
				B164D1681B007DF000CF7A5E /* scrollViewInnerButton.xib in Resources */,
				B11694AF1B01D48E00CF8381 /* newCommentView.xib in Resources */,
			);
			runOnlyForDeploymentPostprocessing = 0;
		};
		B19FB0401AF61A97004B0E34 /* Resources */ = {
			isa = PBXResourcesBuildPhase;
			buildActionMask = 2147483647;
			files = (
			);
			runOnlyForDeploymentPostprocessing = 0;
		};
/* End PBXResourcesBuildPhase section */

/* Begin PBXSourcesBuildPhase section */
		B19FB0221AF61A97004B0E34 /* Sources */ = {
			isa = PBXSourcesBuildPhase;
			buildActionMask = 2147483647;
			files = (
				B17080181B0B490700636A41 /* HScrollView.m in Sources */,
				B164C9F31B08028600D9282A /* HTableViewCell.m in Sources */,
				B19FB0701AF653C9004B0E34 /* UIView+Extension.m in Sources */,
				B1CFE1291B14B96F002DB2B0 /* RegisterVC.m in Sources */,
				B19FB0591AF64B16004B0E34 /* MainController.m in Sources */,
				B164CA071B086A6B00D9282A /* cellWithPics.m in Sources */,
				B16189821AFC5FB400FE6CF4 /* PostViewController.m in Sources */,
				B19FB0651AF6519C004B0E34 /* TitleButton.m in Sources */,
				B16B86CA1B189E4900E28C2A /* usersData.m in Sources */,
				B16876851B1B117A001A7413 /* cellForPost.m in Sources */,
				B1638D4C1B2120E5006828A7 /* cmtData.m in Sources */,
				B162CB381B0E1E1400DB6205 /* DetailScrollView.m in Sources */,
				B19FB02F1AF61A97004B0E34 /* AppDelegate.m in Sources */,
				B19FB06E1AF653C9004B0E34 /* UIBarButtonItem+Extension.m in Sources */,
				B11694A91B01C44800CF8381 /* commentView.m in Sources */,
				B19FB0321AF61A97004B0E34 /* PetDairy.xcdatamodeld in Sources */,
				B168FF881B0C65A800D2BC9A /* UIImage+OIInCache.m in Sources */,
				B1649BF91AF8DDA100B5EC0C /* RightMenuController.m in Sources */,
				B16963331B10B75D008F75E2 /* NavShareComTVC.m in Sources */,
				B18DF9B11AF891F900D3071F /* LeftMenu.m in Sources */,
				B16127951B1F032500A64001 /* DetailParseViewController.m in Sources */,
				B19FB06F1AF653C9004B0E34 /* UIImage+Extension.m in Sources */,
				B10679491B0DBCC70039AC33 /* HPopOverBtn.m in Sources */,
				B16876681B1A88B5001A7413 /* Followers.m in Sources */,
				B19FB0611AF64F50004B0E34 /* HTableViewController.m in Sources */,
				B17F85521B0F677700211BFD /* MyAnnotation.m in Sources */,
				B168768A1B1B458C001A7413 /* postData.m in Sources */,
				B1D8C5C11B04546B002DF360 /* UIView+AutoLayout.m in Sources */,
				B164D1721B00813D00CF7A5E /* ScrollViewInnerBtn.m in Sources */,
				B167FF4F1B1DB28500211BF4 /* addOrDelBtn.m in Sources */,
				B16963281B10A5E2008F75E2 /* UIViewController+RefreshData.m in Sources */,
				B164CA001B08666500D9282A /* DetailViewController.m in Sources */,
				B17F854B1B0EB66700211BFD /* MapViewController.m in Sources */,
				B164D16F1B007F5200CF7A5E /* ProfileController.m in Sources */,
				B19FB02C1AF61A97004B0E34 /* main.m in Sources */,
				B169632C1B10B6DF008F75E2 /* NavIntestedPeoTVC.m in Sources */,
				B16189861AFD001C00FE6CF4 /* PhotoesView.m in Sources */,
				B17481EE1B135D6300FC700F /* cellForFriends.m in Sources */,
				B101CBBC1B074B7E00549F58 /* HCmtDataModal.m in Sources */,
				B162CB3C1B0E42F500DB6205 /* DeTailImgView.m in Sources */,
			);
			runOnlyForDeploymentPostprocessing = 0;
		};
		B19FB03E1AF61A97004B0E34 /* Sources */ = {
			isa = PBXSourcesBuildPhase;
			buildActionMask = 2147483647;
			files = (
				B19FB0491AF61A97004B0E34 /* PetDairyTests.m in Sources */,
			);
			runOnlyForDeploymentPostprocessing = 0;
		};
/* End PBXSourcesBuildPhase section */

/* Begin PBXTargetDependency section */
		B19FB0441AF61A97004B0E34 /* PBXTargetDependency */ = {
			isa = PBXTargetDependency;
			target = B19FB0251AF61A97004B0E34 /* PetDairy */;
			targetProxy = B19FB0431AF61A97004B0E34 /* PBXContainerItemProxy */;
		};
/* End PBXTargetDependency section */

/* Begin PBXVariantGroup section */
		B19FB0361AF61A97004B0E34 /* Main.storyboard */ = {
			isa = PBXVariantGroup;
			children = (
				B19FB0371AF61A97004B0E34 /* Base */,
			);
			name = Main.storyboard;
			sourceTree = "<group>";
		};
		B19FB03B1AF61A97004B0E34 /* LaunchScreen.xib */ = {
			isa = PBXVariantGroup;
			children = (
				B19FB03C1AF61A97004B0E34 /* Base */,
			);
			name = LaunchScreen.xib;
			sourceTree = "<group>";
		};
/* End PBXVariantGroup section */

/* Begin XCBuildConfiguration section */
		B19FB04A1AF61A97004B0E34 /* Debug */ = {
			isa = XCBuildConfiguration;
			buildSettings = {
				ALWAYS_SEARCH_USER_PATHS = NO;
				CLANG_CXX_LANGUAGE_STANDARD = "gnu++0x";
				CLANG_CXX_LIBRARY = "libc++";
				CLANG_ENABLE_MODULES = YES;
				CLANG_ENABLE_OBJC_ARC = YES;
				CLANG_WARN_BOOL_CONVERSION = YES;
				CLANG_WARN_CONSTANT_CONVERSION = YES;
				CLANG_WARN_DIRECT_OBJC_ISA_USAGE = YES_ERROR;
				CLANG_WARN_EMPTY_BODY = YES;
				CLANG_WARN_ENUM_CONVERSION = YES;
				CLANG_WARN_INT_CONVERSION = YES;
				CLANG_WARN_OBJC_ROOT_CLASS = YES_ERROR;
				CLANG_WARN_UNREACHABLE_CODE = YES;
				CLANG_WARN__DUPLICATE_METHOD_MATCH = YES;
				"CODE_SIGN_IDENTITY[sdk=iphoneos*]" = "iPhone Developer";
				COPY_PHASE_STRIP = NO;
				ENABLE_STRICT_OBJC_MSGSEND = YES;
				GCC_C_LANGUAGE_STANDARD = gnu99;
				GCC_DYNAMIC_NO_PIC = NO;
				GCC_OPTIMIZATION_LEVEL = 0;
				GCC_PREPROCESSOR_DEFINITIONS = (
					"DEBUG=1",
					"$(inherited)",
				);
				GCC_SYMBOLS_PRIVATE_EXTERN = NO;
				GCC_WARN_64_TO_32_BIT_CONVERSION = YES;
				GCC_WARN_ABOUT_RETURN_TYPE = YES_ERROR;
				GCC_WARN_UNDECLARED_SELECTOR = YES;
				GCC_WARN_UNINITIALIZED_AUTOS = YES_AGGRESSIVE;
				GCC_WARN_UNUSED_FUNCTION = YES;
				GCC_WARN_UNUSED_VARIABLE = YES;
				IPHONEOS_DEPLOYMENT_TARGET = 8.0;
				MTL_ENABLE_DEBUG_INFO = YES;
				ONLY_ACTIVE_ARCH = YES;
				SDKROOT = iphoneos;
			};
			name = Debug;
		};
		B19FB04B1AF61A97004B0E34 /* Release */ = {
			isa = XCBuildConfiguration;
			buildSettings = {
				ALWAYS_SEARCH_USER_PATHS = NO;
				CLANG_CXX_LANGUAGE_STANDARD = "gnu++0x";
				CLANG_CXX_LIBRARY = "libc++";
				CLANG_ENABLE_MODULES = YES;
				CLANG_ENABLE_OBJC_ARC = YES;
				CLANG_WARN_BOOL_CONVERSION = YES;
				CLANG_WARN_CONSTANT_CONVERSION = YES;
				CLANG_WARN_DIRECT_OBJC_ISA_USAGE = YES_ERROR;
				CLANG_WARN_EMPTY_BODY = YES;
				CLANG_WARN_ENUM_CONVERSION = YES;
				CLANG_WARN_INT_CONVERSION = YES;
				CLANG_WARN_OBJC_ROOT_CLASS = YES_ERROR;
				CLANG_WARN_UNREACHABLE_CODE = YES;
				CLANG_WARN__DUPLICATE_METHOD_MATCH = YES;
				"CODE_SIGN_IDENTITY[sdk=iphoneos*]" = "iPhone Developer";
				COPY_PHASE_STRIP = YES;
				ENABLE_NS_ASSERTIONS = NO;
				ENABLE_STRICT_OBJC_MSGSEND = YES;
				GCC_C_LANGUAGE_STANDARD = gnu99;
				GCC_WARN_64_TO_32_BIT_CONVERSION = YES;
				GCC_WARN_ABOUT_RETURN_TYPE = YES_ERROR;
				GCC_WARN_UNDECLARED_SELECTOR = YES;
				GCC_WARN_UNINITIALIZED_AUTOS = YES_AGGRESSIVE;
				GCC_WARN_UNUSED_FUNCTION = YES;
				GCC_WARN_UNUSED_VARIABLE = YES;
				IPHONEOS_DEPLOYMENT_TARGET = 8.0;
				MTL_ENABLE_DEBUG_INFO = NO;
				SDKROOT = iphoneos;
				VALIDATE_PRODUCT = YES;
			};
			name = Release;
		};
		B19FB04D1AF61A97004B0E34 /* Debug */ = {
			isa = XCBuildConfiguration;
			buildSettings = {
				ASSETCATALOG_COMPILER_APPICON_NAME = AppIcon;
				FRAMEWORK_SEARCH_PATHS = (
					"$(inherited)",
					"$(PROJECT_DIR)/PetDairy",
				);
				INFOPLIST_FILE = PetDairy/Info.plist;
				IPHONEOS_DEPLOYMENT_TARGET = 8.1;
				LD_RUNPATH_SEARCH_PATHS = "$(inherited) @executable_path/Frameworks";
				PRODUCT_NAME = "$(TARGET_NAME)";
			};
			name = Debug;
		};
		B19FB04E1AF61A97004B0E34 /* Release */ = {
			isa = XCBuildConfiguration;
			buildSettings = {
				ASSETCATALOG_COMPILER_APPICON_NAME = AppIcon;
				FRAMEWORK_SEARCH_PATHS = (
					"$(inherited)",
					"$(PROJECT_DIR)/PetDairy",
				);
				INFOPLIST_FILE = PetDairy/Info.plist;
				IPHONEOS_DEPLOYMENT_TARGET = 8.1;
				LD_RUNPATH_SEARCH_PATHS = "$(inherited) @executable_path/Frameworks";
				PRODUCT_NAME = "$(TARGET_NAME)";
			};
			name = Release;
		};
		B19FB0501AF61A97004B0E34 /* Debug */ = {
			isa = XCBuildConfiguration;
			buildSettings = {
				BUNDLE_LOADER = "$(TEST_HOST)";
				FRAMEWORK_SEARCH_PATHS = (
					"$(SDKROOT)/Developer/Library/Frameworks",
					"$(inherited)",
				);
				GCC_PREPROCESSOR_DEFINITIONS = (
					"DEBUG=1",
					"$(inherited)",
				);
				INFOPLIST_FILE = PetDairyTests/Info.plist;
				LD_RUNPATH_SEARCH_PATHS = "$(inherited) @executable_path/Frameworks @loader_path/Frameworks";
				PRODUCT_NAME = "$(TARGET_NAME)";
				TEST_HOST = "$(BUILT_PRODUCTS_DIR)/PetDairy.app/PetDairy";
			};
			name = Debug;
		};
		B19FB0511AF61A97004B0E34 /* Release */ = {
			isa = XCBuildConfiguration;
			buildSettings = {
				BUNDLE_LOADER = "$(TEST_HOST)";
				FRAMEWORK_SEARCH_PATHS = (
					"$(SDKROOT)/Developer/Library/Frameworks",
					"$(inherited)",
				);
				INFOPLIST_FILE = PetDairyTests/Info.plist;
				LD_RUNPATH_SEARCH_PATHS = "$(inherited) @executable_path/Frameworks @loader_path/Frameworks";
				PRODUCT_NAME = "$(TARGET_NAME)";
				TEST_HOST = "$(BUILT_PRODUCTS_DIR)/PetDairy.app/PetDairy";
			};
			name = Release;
		};
/* End XCBuildConfiguration section */

/* Begin XCConfigurationList section */
		B19FB0211AF61A97004B0E34 /* Build configuration list for PBXProject "PetDairy" */ = {
			isa = XCConfigurationList;
			buildConfigurations = (
				B19FB04A1AF61A97004B0E34 /* Debug */,
				B19FB04B1AF61A97004B0E34 /* Release */,
			);
			defaultConfigurationIsVisible = 0;
			defaultConfigurationName = Release;
		};
		B19FB04C1AF61A97004B0E34 /* Build configuration list for PBXNativeTarget "PetDairy" */ = {
			isa = XCConfigurationList;
			buildConfigurations = (
				B19FB04D1AF61A97004B0E34 /* Debug */,
				B19FB04E1AF61A97004B0E34 /* Release */,
			);
			defaultConfigurationIsVisible = 0;
			defaultConfigurationName = Release;
		};
		B19FB04F1AF61A97004B0E34 /* Build configuration list for PBXNativeTarget "PetDairyTests" */ = {
			isa = XCConfigurationList;
			buildConfigurations = (
				B19FB0501AF61A97004B0E34 /* Debug */,
				B19FB0511AF61A97004B0E34 /* Release */,
			);
			defaultConfigurationIsVisible = 0;
			defaultConfigurationName = Release;
		};
/* End XCConfigurationList section */

/* Begin XCVersionGroup section */
		B19FB0301AF61A97004B0E34 /* PetDairy.xcdatamodeld */ = {
			isa = XCVersionGroup;
			children = (
				B19FB0311AF61A97004B0E34 /* PetDairy.xcdatamodel */,
			);
			currentVersion = B19FB0311AF61A97004B0E34 /* PetDairy.xcdatamodel */;
			path = PetDairy.xcdatamodeld;
			sourceTree = "<group>";
			versionGroupType = wrapper.xcdatamodel;
		};
/* End XCVersionGroup section */
	};
	rootObject = B19FB01E1AF61A97004B0E34 /* Project object */;
}
